{
  "nodes": {
    "flake-utils": {
      "locked": {
        "lastModified": 1667395993,
        "narHash": "sha256-nuEHfE/LcWyuSWnS8t12N1wc105Qtau+/OdUAjtQ0rA=",
        "owner": "numtide",
        "repo": "flake-utils",
        "rev": "5aed5285a952e0b949eb3ba02c12fa4fcfef535f",
        "type": "github"
      },
      "original": {
        "owner": "numtide",
        "repo": "flake-utils",
        "type": "github"
      }
    },
    "nixpkgs": {
      "locked": {
        "lastModified": 1673466167,
        "narHash": "sha256-1HzUCtWwHRGzTOHCIKGG0lVL6wvsyPSSyBuIqZWYowc=",
        "owner": "NixOS",
        "repo": "nixpkgs",
        "rev": "68e03abb2fd8db50eaee69ad58b208451143e005",
        "type": "github"
      },
      "original": {
        "owner": "NixOS",
        "ref": "nixpkgs-unstable",
        "repo": "nixpkgs",
        "type": "github"
      }
    },
    "plover": {
      "flake": false,
      "locked": {
        "lastModified": 1659998456,
        "narHash": "sha256-qK6Z97r5dr5Hr0JkY5WaqYE67FEiXi12Pu7Y+wS0Zm4=",
        "owner": "openstenoproject",
        "repo": "plover",
        "rev": "3066a9a47269861ac1d66f8f05cdb26f7251b98d",
        "type": "github"
      },
      "original": {
        "owner": "openstenoproject",
        "repo": "plover",
        "type": "github"
      }
    },
    "plover-machine-hid": {
      "flake": false,
      "locked": {
        "lastModified": 1672241273,
        "narHash": "sha256-AS+sNsJuFi+KZPdNNhGE8zgjStfq1ZfBoNh+/xWUJKE=",
        "owner": "dnaq",
        "repo": "plover-machine-hid",
        "rev": "3112cabd180b512d6c85a5dda259e9be9996ce32",
        "type": "github"
      },
      "original": {
        "owner": "dnaq",
        "repo": "plover-machine-hid",
        "type": "github"
      }
    },
    "plover-stroke": {
      "flake": false,
      "locked": {
        "lastModified": 1652559629,
        "narHash": "sha256-A75OMzmEn0VmDAvmQCp6/7uptxzwWJTwsih3kWlYioA=",
        "owner": "openstenoproject",
        "repo": "plover_stroke",
        "rev": "e717a1983b58dcba644153a542dbf8514425a39b",
        "type": "github"
      },
      "original": {
        "owner": "openstenoproject",
        "repo": "plover_stroke",
        "type": "github"
      }
    },
    "plover_plugins_registry": {
      "flake": false,
      "locked": {
        "lastModified": 1667323602,
        "narHash": "sha256-rxrxyaZGZWuSq9aGkaWwm4HOfcUKh2m3CMP3gpypgpU=",
        "owner": "openstenoproject",
        "repo": "plover_plugins_registry",
        "rev": "f02a80a33421a84b41bcc9aefe1013637051ddc3",
        "type": "github"
      },
      "original": {
        "owner": "openstenoproject",
        "repo": "plover_plugins_registry",
        "type": "github"
      }
    },
    "root": {
      "inputs": {
        "flake-utils": "flake-utils",
        "nixpkgs": "nixpkgs",
        "plover": "plover",
        "plover-machine-hid": "plover-machine-hid",
        "plover-stroke": "plover-stroke",
        "plover_plugins_registry": "plover_plugins_registry",
        "rtf-tokenize": "rtf-tokenize"
      }
    },
    "rtf-tokenize": {
      "flake": false,
      "locked": {
        "lastModified": 1633915168,
        "narHash": "sha256-zwD2sRYTY1Kmm/Ag2hps9VRdUyQoi4zKtDPR+F52t9A=",
        "owner": "openstenoproject",
        "repo": "rtf_tokenize",
        "rev": "509b009b97077d5abcebe53d46ca6b67c3438a2c",
        "type": "github"
      },
      "original": {
        "owner": "openstenoproject",
        "repo": "rtf_tokenize",
        "type": "github"
      }
    }
  },
  "root": "root",
  "version": 7
}
